
Microsoft Visual Studio Solution File, Format Version 12.00
# Visual Studio Version 17
VisualStudioVersion = 17.0.32014.148
MinimumVisualStudioVersion = 10.0.40219.1
Project("{FAE04EC0-301F-11D3-BF4B-00C04F79EFBC}") = "CityInfo.API", "CityInfo.API\CityInfo.API.csproj", "{99D64C50-F0BA-4AB3-A973-B2CCF3677FBB}"
EndProject
Global
	GlobalSection(SolutionConfigurationPlatforms) = preSolution
		Debug|Any CPU = Debug|Any CPU
		Release|Any CPU = Release|Any CPU
	EndGlobalSection
	GlobalSection(ProjectConfigurationPlatforms) = postSolution
		{99D64C50-F0BA-4AB3-A973-B2CCF3677FBB}.Debug|Any CPU.ActiveCfg = Debug|Any CPU
		{99D64C50-F0BA-4AB3-A973-B2CCF3677FBB}.Debug|Any CPU.Build.0 = Debug|Any CPU
		{99D64C50-F0BA-4AB3-A973-B2CCF3677FBB}.Release|Any CPU.ActiveCfg = Release|Any CPU
		{99D64C50-F0BA-4AB3-A973-B2CCF3677FBB}.Release|Any CPU.Build.0 = Release|Any CPU
	EndGlobalSection
	GlobalSection(SolutionProperties) = preSolution
		HideSolutionNode = FALSE
	EndGlobalSection
	GlobalSection(ExtensibilityGlobals) = postSolution
		SolutionGuid = {0955AC39-6A4F-4C89-91C6-9D3A3EB40487}
	EndGlobalSection
EndGlobal
